// !$*UTF8*$!
{
	archiveVersion = 1;
	classes = {
	};
	objectVersion = 46;
	objects = {

/* Begin PBXBuildFile section */
		412DC66B1A7C158A00364890 /* AppDelegate.swift in Sources */ = {isa = PBXBuildFile; fileRef = 412DC66A1A7C158A00364890 /* AppDelegate.swift */; };
		412DC66D1A7C158A00364890 /* ViewController.swift in Sources */ = {isa = PBXBuildFile; fileRef = 412DC66C1A7C158A00364890 /* ViewController.swift */; };
		412DC6701A7C158A00364890 /* Main.storyboard in Resources */ = {isa = PBXBuildFile; fileRef = 412DC66E1A7C158A00364890 /* Main.storyboard */; };
		412DC6721A7C158A00364890 /* Images.xcassets in Resources */ = {isa = PBXBuildFile; fileRef = 412DC6711A7C158A00364890 /* Images.xcassets */; };
		412DC6751A7C158A00364890 /* LaunchScreen.xib in Resources */ = {isa = PBXBuildFile; fileRef = 412DC6731A7C158A00364890 /* LaunchScreen.xib */; };
		412DC6811A7C158A00364890 /* helloWorldTests.swift in Sources */ = {isa = PBXBuildFile; fileRef = 412DC6801A7C158A00364890 /* helloWorldTests.swift */; };
		41BB02211A7D4321007854AC /* ViewTwo.swift in Sources */ = {isa = PBXBuildFile; fileRef = 41BB02201A7D4321007854AC /* ViewTwo.swift */; };
/* End PBXBuildFile section */

/* Begin PBXContainerItemProxy section */
		412DC67B1A7C158A00364890 /* PBXContainerItemProxy */ = {
			isa = PBXContainerItemProxy;
			containerPortal = 412DC65D1A7C158900364890 /* Project object */;
			proxyType = 1;
			remoteGlobalIDString = 412DC6641A7C158A00364890;
			remoteInfo = helloWorld;
		};
/* End PBXContainerItemProxy section */

/* Begin PBXFileReference section */
		412DC6651A7C158A00364890 /* helloWorld.app */ = {isa = PBXFileReference; explicitFileType = wrapper.application; includeInIndex = 0; path = helloWorld.app; sourceTree = BUILT_PRODUCTS_DIR; };
		412DC6691A7C158A00364890 /* Info.plist */ = {isa = PBXFileReference; lastKnownFileType = text.plist.xml; path = Info.plist; sourceTree = "<group>"; };
		412DC66A1A7C158A00364890 /* AppDelegate.swift */ = {isa = PBXFileReference; lastKnownFileType = sourcecode.swift; path = AppDelegate.swift; sourceTree = "<group>"; };
		412DC66C1A7C158A00364890 /* ViewController.swift */ = {isa = PBXFileReference; lastKnownFileType = sourcecode.swift; path = ViewController.swift; sourceTree = "<group>"; };
		412DC66F1A7C158A00364890 /* Base */ = {isa = PBXFileReference; lastKnownFileType = file.storyboard; name = Base; path = Base.lproj/Main.storyboard; sourceTree = "<group>"; };
		412DC6711A7C158A00364890 /* Images.xcassets */ = {isa = PBXFileReference; lastKnownFileType = folder.assetcatalog; path = Images.xcassets; sourceTree = "<group>"; };
		412DC6741A7C158A00364890 /* Base */ = {isa = PBXFileReference; lastKnownFileType = file.xib; name = Base; path = Base.lproj/LaunchScreen.xib; sourceTree = "<group>"; };
		412DC67A1A7C158A00364890 /* helloWorldTests.xctest */ = {isa = PBXFileReference; explicitFileType = wrapper.cfbundle; includeInIndex = 0; path = helloWorldTests.xctest; sourceTree = BUILT_PRODUCTS_DIR; };
		412DC67F1A7C158A00364890 /* Info.plist */ = {isa = PBXFileReference; lastKnownFileType = text.plist.xml; path = Info.plist; sourceTree = "<group>"; };
		412DC6801A7C158A00364890 /* helloWorldTests.swift */ = {isa = PBXFileReference; lastKnownFileType = sourcecode.swift; path = helloWorldTests.swift; sourceTree = "<group>"; };
		41BB02201A7D4321007854AC /* ViewTwo.swift */ = {isa = PBXFileReference; fileEncoding = 4; lastKnownFileType = sourcecode.swift; path = ViewTwo.swift; sourceTree = "<group>"; };
/* End PBXFileReference section */

/* Begin PBXFrameworksBuildPhase section */
		412DC6621A7C158A00364890 /* Frameworks */ = {
			isa = PBXFrameworksBuildPhase;
			buildActionMask = 2147483647;
			files = (
			);
			runOnlyForDeploymentPostprocessing = 0;
		};
		412DC6771A7C158A00364890 /* Frameworks */ = {
			isa = PBXFrameworksBuildPhase;
			buildActionMask = 2147483647;
			files = (
			);
			runOnlyForDeploymentPostprocessing = 0;
		};
/* End PBXFrameworksBuildPhase section */

/* Begin PBXGroup section */
		412DC65C1A7C158900364890 = {
			isa = PBXGroup;
			children = (
				412DC6671A7C158A00364890 /* helloWorld */,
				412DC67D1A7C158A00364890 /* helloWorldTests */,
				412DC6661A7C158A00364890 /* Products */,
			);
			sourceTree = "<group>";
		};
		412DC6661A7C158A00364890 /* Products */ = {
			isa = PBXGroup;
			children = (
				412DC6651A7C158A00364890 /* helloWorld.app */,
				412DC67A1A7C158A00364890 /* helloWorldTests.xctest */,
			);
			name = Products;
			sourceTree = "<group>";
		};
		412DC6671A7C158A00364890 /* helloWorld */ = {
			isa = PBXGroup;
			children = (
				412DC66A1A7C158A00364890 /* AppDelegate.swift */,
				412DC66C1A7C158A00364890 /* ViewController.swift */,
				41BB02201A7D4321007854AC /* ViewTwo.swift */,
				412DC66E1A7C158A00364890 /* Main.storyboard */,
				412DC6711A7C158A00364890 /* Images.xcassets */,
				412DC6731A7C158A00364890 /* LaunchScreen.xib */,
				412DC6681A7C158A00364890 /* Supporting Files */,
			);
			path = helloWorld;
			sourceTree = "<group>";
		};
		412DC6681A7C158A00364890 /* Supporting Files */ = {
			isa = PBXGroup;
			children = (
				412DC6691A7C158A00364890 /* Info.plist */,
			);
			name = "Supporting Files";
			sourceTree = "<group>";
		};
		412DC67D1A7C158A00364890 /* helloWorldTests */ = {
			isa = PBXGroup;
			children = (
				412DC6801A7C158A00364890 /* helloWorldTests.swift */,
				412DC67E1A7C158A00364890 /* Supporting Files */,
			);
			path = helloWorldTests;
			sourceTree = "<group>";
		};
		412DC67E1A7C158A00364890 /* Supporting Files */ = {
			isa = PBXGroup;
			children = (
				412DC67F1A7C158A00364890 /* Info.plist */,
			);
			name = "Supporting Files";
			sourceTree = "<group>";
		};
/* End PBXGroup section */

/* Begin PBXNativeTarget section */
		412DC6641A7C158A00364890 /* helloWorld */ = {
			isa = PBXNativeTarget;
			buildConfigurationList = 412DC6841A7C158A00364890 /* Build configuration list for PBXNativeTarget "helloWorld" */;
			buildPhases = (
				412DC6611A7C158A00364890 /* Sources */,
				412DC6621A7C158A00364890 /* Frameworks */,
				412DC6631A7C158A00364890 /* Resources */,
			);
			buildRules = (
			);
			dependencies = (
			);
			name = helloWorld;
			productName = helloWorld;
			productReference = 412DC6651A7C158A00364890 /* helloWorld.app */;
			productType = "com.apple.product-type.application";
		};
		412DC6791A7C158A00364890 /* helloWorldTests */ = {
			isa = PBXNativeTarget;
			buildConfigurationList = 412DC6871A7C158A00364890 /* Build configuration list for PBXNativeTarget "helloWorldTests" */;
			buildPhases = (
				412DC6761A7C158A00364890 /* Sources */,
				412DC6771A7C158A00364890 /* Frameworks */,
				412DC6781A7C158A00364890 /* Resources */,
			);
			buildRules = (
			);
			dependencies = (
				412DC67C1A7C158A00364890 /* PBXTargetDependency */,
			);
			name = helloWorldTests;
			productName = helloWorldTests;
			productReference = 412DC67A1A7C158A00364890 /* helloWorldTests.xctest */;
			productType = "com.apple.product-type.bundle.unit-test";
		};
/* End PBXNativeTarget section */

/* Begin PBXProject section */
		412DC65D1A7C158900364890 /* Project object */ = {
			isa = PBXProject;
			attributes = {
				LastUpgradeCheck = 0610;
				ORGANIZATIONNAME = "Diego Perez";
				TargetAttributes = {
					412DC6641A7C158A00364890 = {
						CreatedOnToolsVersion = 6.1;
					};
					412DC6791A7C158A00364890 = {
						CreatedOnToolsVersion = 6.1;
						TestTargetID = 412DC6641A7C158A00364890;
					};
				};
			};
			buildConfigurationList = 412DC6601A7C158900364890 /* Build configuration list for PBXProject "helloWorld" */;
			compatibilityVersion = "Xcode 3.2";
			developmentRegion = English;
			hasScannedForEncodings = 0;
			knownRegions = (
				en,
				Base,
			);
			mainGroup = 412DC65C1A7C158900364890;
			productRefGroup = 412DC6661A7C158A00364890 /* Products */;
			projectDirPath = "";
			projectRoot = "";
			targets = (
				412DC6641A7C158A00364890 /* helloWorld */,
				412DC6791A7C158A00364890 /* helloWorldTests */,
			);
		};
/* End PBXProject section */

/* Begin PBXResourcesBuildPhase section */
		412DC6631A7C158A00364890 /* Resources */ = {
			isa = PBXResourcesBuildPhase;
			buildActionMask = 2147483647;
			files = (
				412DC6701A7C158A00364890 /* Main.storyboard in Resources */,
				412DC6751A7C158A00364890 /* LaunchScreen.xib in Resources */,
				412DC6721A7C158A00364890 /* Images.xcassets in Resources */,
			);
			runOnlyForDeploymentPostprocessing = 0;
		};
		412DC6781A7C158A00364890 /* Resources */ = {
			isa = PBXResourcesBuildPhase;
			buildActionMask = 2147483647;
			files = (
			);
			runOnlyForDeploymentPostprocessing = 0;
		};
/* End PBXResourcesBuildPhase section */

/* Begin PBXSourcesBuildPhase section */
		412DC6611A7C158A00364890 /* Sources */ = {
			isa = PBXSourcesBuildPhase;
			buildActionMask = 2147483647;
			files = (
				412DC66D1A7C158A00364890 /* ViewController.swift in Sources */,
				412DC66B1A7C158A00364890 /* AppDelegate.swift in Sources */,
				41BB02211A7D4321007854AC /* ViewTwo.swift in Sources */,
			);
			runOnlyForDeploymentPostprocessing = 0;
		};
		412DC6761A7C158A00364890 /* Sources */ = {
			isa = PBXSourcesBuildPhase;
			buildActionMask = 2147483647;
			files = (
				412DC6811A7C158A00364890 /* helloWorldTests.swift in Sources */,
			);
			runOnlyForDeploymentPostprocessing = 0;
		};
/* End PBXSourcesBuildPhase section */

/* Begin PBXTargetDependency section */
		412DC67C1A7C158A00364890 /* PBXTargetDependency */ = {
			isa = PBXTargetDependency;
			target = 412DC6641A7C158A00364890 /* helloWorld */;
			targetProxy = 412DC67B1A7C158A00364890 /* PBXContainerItemProxy */;
		};
/* End PBXTargetDependency section */

/* Begin PBXVariantGroup section */
		412DC66E1A7C158A00364890 /* Main.storyboard */ = {
			isa = PBXVariantGroup;
			children = (
				412DC66F1A7C158A00364890 /* Base */,
			);
			name = Main.storyboard;
			sourceTree = "<group>";
		};
		412DC6731A7C158A00364890 /* LaunchScreen.xib */ = {
			isa = PBXVariantGroup;
			children = (
				412DC6741A7C158A00364890 /* Base */,
			);
			name = LaunchScreen.xib;
			sourceTree = "<group>";
		};
/* End PBXVariantGroup section */

/* Begin XCBuildConfiguration section */
		412DC6821A7C158A00364890 /* Debug */ = {
			isa = XCBuildConfiguration;
			buildSettings = {
				ALWAYS_SEARCH_USER_PATHS = NO;
				CLANG_CXX_LANGUAGE_STANDARD = "gnu++0x";
				CLANG_CXX_LIBRARY = "libc++";
				CLANG_ENABLE_MODULES = YES;
				CLANG_ENABLE_OBJC_ARC = YES;
				CLANG_WARN_BOOL_CONVERSION = YES;
				CLANG_WARN_CONSTANT_CONVERSION = YES;
				CLANG_WARN_DIRECT_OBJC_ISA_USAGE = YES_ERROR;
				CLANG_WARN_EMPTY_BODY = YES;
				CLANG_WARN_ENUM_CONVERSION = YES;
				CLANG_WARN_INT_CONVERSION = YES;
				CLANG_WARN_OBJC_ROOT_CLASS = YES_ERROR;
				CLANG_WARN_UNREACHABLE_CODE = YES;
				CLANG_WARN__DUPLICATE_METHOD_MATCH = YES;
				"CODE_SIGN_IDENTITY[sdk=iphoneos*]" = "iPhone Developer";
				COPY_PHASE_STRIP = NO;
				ENABLE_STRICT_OBJC_MSGSEND = YES;
				GCC_C_LANGUAGE_STANDARD = gnu99;
				GCC_DYNAMIC_NO_PIC = NO;
				GCC_OPTIMIZATION_LEVEL = 0;
				GCC_PREPROCESSOR_DEFINITIONS = (
					"DEBUG=1",
					"$(inherited)",
				);
				GCC_SYMBOLS_PRIVATE_EXTERN = NO;
				GCC_WARN_64_TO_32_BIT_CONVERSION = YES;
				GCC_WARN_ABOUT_RETURN_TYPE = YES_ERROR;
				GCC_WARN_UNDECLARED_SELECTOR = YES;
				GCC_WARN_UNINITIALIZED_AUTOS = YES_AGGRESSIVE;
				GCC_WARN_UNUSED_FUNCTION = YES;
				GCC_WARN_UNUSED_VARIABLE = YES;
				IPHONEOS_DEPLOYMENT_TARGET = 8.1;
				MTL_ENABLE_DEBUG_INFO = YES;
				ONLY_ACTIVE_ARCH = YES;
				SDKROOT = iphoneos;
				SWIFT_OPTIMIZATION_LEVEL = "-Onone";
			};
			name = Debug;
		};
		412DC6831A7C158A00364890 /* Release */ = {
			isa = XCBuildConfiguration;
			buildSettings = {
				ALWAYS_SEARCH_USER_PATHS = NO;
				CLANG_CXX_LANGUAGE_STANDARD = "gnu++0x";
				CLANG_CXX_LIBRARY = "libc++";
				CLANG_ENABLE_MODULES = YES;
				CLANG_ENABLE_OBJC_ARC = YES;
				CLANG_WARN_BOOL_CONVERSION = YES;
				CLANG_WARN_CONSTANT_CONVERSION = YES;
				CLANG_WARN_DIRECT_OBJC_ISA_USAGE = YES_ERROR;
				CLANG_WARN_EMPTY_BODY = YES;
				CLANG_WARN_ENUM_CONVERSION = YES;
				CLANG_WARN_INT_CONVERSION = YES;
				CLANG_WARN_OBJC_ROOT_CLASS = YES_ERROR;
				CLANG_WARN_UNREACHABLE_CODE = YES;
				CLANG_WARN__DUPLICATE_METHOD_MATCH = YES;
				"CODE_SIGN_IDENTITY[sdk=iphoneos*]" = "iPhone Developer";
				COPY_PHASE_STRIP = YES;
				ENABLE_NS_ASSERTIONS = NO;
				ENABLE_STRICT_OBJC_MSGSEND = YES;
				GCC_C_LANGUAGE_STANDARD = gnu99;
				GCC_WARN_64_TO_32_BIT_CONVERSION = YES;
				GCC_WARN_ABOUT_RETURN_TYPE = YES_ERROR;
				GCC_WARN_UNDECLARED_SELECTOR = YES;
				GCC_WARN_UNINITIALIZED_AUTOS = YES_AGGRESSIVE;
				GCC_WARN_UNUSED_FUNCTION = YES;
				GCC_WARN_UNUSED_VARIABLE = YES;
				IPHONEOS_DEPLOYMENT_TARGET = 8.1;
				MTL_ENABLE_DEBUG_INFO = NO;
				SDKROOT = iphoneos;
				VALIDATE_PRODUCT = YES;
			};
			name = Release;
		};
		412DC6851A7C158A00364890 /* Debug */ = {
			isa = XCBuildConfiguration;
			buildSettings = {
				ASSETCATALOG_COMPILER_APPICON_NAME = AppIcon;
				INFOPLIST_FILE = helloWorld/Info.plist;
				LD_RUNPATH_SEARCH_PATHS = "$(inherited) @executable_path/Frameworks";
				PRODUCT_NAME = "$(TARGET_NAME)";
			};
			name = Debug;
		};
		412DC6861A7C158A00364890 /* Release */ = {
			isa = XCBuildConfiguration;
			buildSettings = {
				ASSETCATALOG_COMPILER_APPICON_NAME = AppIcon;
				INFOPLIST_FILE = helloWorld/Info.plist;
				LD_RUNPATH_SEARCH_PATHS = "$(inherited) @executable_path/Frameworks";
				PRODUCT_NAME = "$(TARGET_NAME)";
			};
			name = Release;
		};
		412DC6881A7C158A00364890 /* Debug */ = {
			isa = XCBuildConfiguration;
			buildSettings = {
				BUNDLE_LOADER = "$(TEST_HOST)";
				FRAMEWORK_SEARCH_PATHS = (
					"$(SDKROOT)/Developer/Library/Frameworks",
					"$(inherited)",
				);
				GCC_PREPROCESSOR_DEFINITIONS = (
					"DEBUG=1",
					"$(inherited)",
				);
				INFOPLIST_FILE = helloWorldTests/Info.plist;
				LD_RUNPATH_SEARCH_PATHS = "$(inherited) @executable_path/Frameworks @loader_path/Frameworks";
				PRODUCT_NAME = "$(TARGET_NAME)";
				TEST_HOST = "$(BUILT_PRODUCTS_DIR)/helloWorld.app/helloWorld";
			};
			name = Debug;
		};
		412DC6891A7C158A00364890 /* Release */ = {
			isa = XCBuildConfiguration;
			buildSettings = {
				BUNDLE_LOADER = "$(TEST_HOST)";
				FRAMEWORK_SEARCH_PATHS = (
					"$(SDKROOT)/Developer/Library/Frameworks",
					"$(inherited)",
				);
				INFOPLIST_FILE = helloWorldTests/Info.plist;
				LD_RUNPATH_SEARCH_PATHS = "$(inherited) @executable_path/Frameworks @loader_path/Frameworks";
				PRODUCT_NAME = "$(TARGET_NAME)";
				TEST_HOST = "$(BUILT_PRODUCTS_DIR)/helloWorld.app/helloWorld";
			};
			name = Release;
		};
/* End XCBuildConfiguration section */

/* Begin XCConfigurationList section */
		412DC6601A7C158900364890 /* Build configuration list for PBXProject "helloWorld" */ = {
			isa = XCConfigurationList;
			buildConfigurations = (
				412DC6821A7C158A00364890 /* Debug */,
				412DC6831A7C158A00364890 /* Release */,
			);
			defaultConfigurationIsVisible = 0;
			defaultConfigurationName = Release;
		};
		412DC6841A7C158A00364890 /* Build configuration list for PBXNativeTarget "helloWorld" */ = {
			isa = XCConfigurationList;
			buildConfigurations = (
				412DC6851A7C158A00364890 /* Debug */,
				412DC6861A7C158A00364890 /* Release */,
			);
			defaultConfigurationIsVisible = 0;
			defaultConfigurationName = Release;
		};
		412DC6871A7C158A00364890 /* Build configuration list for PBXNativeTarget "helloWorldTests" */ = {
			isa = XCConfigurationList;
			buildConfigurations = (
				412DC6881A7C158A00364890 /* Debug */,
				412DC6891A7C158A00364890 /* Release */,
			);
			defaultConfigurationIsVisible = 0;
			defaultConfigurationName = Release;
		};
/* End XCConfigurationList section */
	};
	rootObject = 412DC65D1A7C158900364890 /* Project object */;
}
